{"version":4,"terraform_version":"1.10.6","serial":2,"lineage":"7bc637ea-e7ff-1f51-242c-395719e69890","outputs":{},"resources":[{"mode":"managed","type":"github_repository","name":"example_osps_baseline_level_1","provider":"provider[\"registry.opentofu.org/integrations/github\"]","instances":[{"schema_version":1,"attributes":{"allow_auto_merge":false,"allow_merge_commit":true,"allow_rebase_merge":true,"allow_squash_merge":true,"allow_update_branch":false,"archive_on_destroy":null,"archived":false,"auto_init":false,"default_branch":"main","delete_branch_on_merge":false,"description":"Example repository for integration testing of pvtr-github-repo","etag":"W/\"a18fbc4b4371fb3fd92f89c85eff300333be99f12c796276ec71f4a170512568\"","full_name":"revanite-io/example-osps-baseline-level-1","git_clone_url":"git://github.com/revanite-io/example-osps-baseline-level-1.git","gitignore_template":null,"has_discussions":false,"has_downloads":true,"has_issues":true,"has_projects":true,"has_wiki":true,"homepage_url":"","html_url":"https://github.com/revanite-io/example-osps-baseline-level-1","http_clone_url":"https://github.com/revanite-io/example-osps-baseline-level-1.git","id":"example-osps-baseline-level-1","ignore_vulnerability_alerts_during_read":null,"is_template":false,"license_template":null,"merge_commit_message":"PR_TITLE","merge_commit_title":"MERGE_MESSAGE","name":"example-osps-baseline-level-1","node_id":"R_kgDOP0IKkg","pages":[],"primary_language":"Python","private":false,"repo_id":1061292690,"security_and_analysis":[{"advanced_security":[],"secret_scanning":[{"status":"disabled"}],"secret_scanning_push_protection":[{"status":"disabled"}]}],"squash_merge_commit_message":"COMMIT_MESSAGES","squash_merge_commit_title":"COMMIT_OR_PR_TITLE","ssh_clone_url":"git@github.com:revanite-io/example-osps-baseline-level-1.git","svn_url":"https://github.com/revanite-io/example-osps-baseline-level-1","template":[],"topics":[],"visibility":"public","vulnerability_alerts":true,"web_commit_signoff_required":false},"sensitive_attributes":[],"private":"eyJzY2hlbWFfdmVyc2lvbiI6IjEifQ=="}]},{"mode":"managed","type":"github_repository_ruleset","name":"default_branch_protection","provider":"provider[\"registry.opentofu.org/integrations/github\"]","instances":[{"schema_version":1,"attributes":{"bypass_actors":[],"conditions":[{"ref_name":[{"exclude":[],"include":["~DEFAULT_BRANCH"]}]}],"enforcement":"active","etag":"W/\"4354911cc42f114f622f032d1fedae8c238317d7459bfaca137e33e449db18ab\"","id":"8281062","name":"default","node_id":"RRS_lACqUmVwb3NpdG9yec4_QgqSzgB-W-Y","repository":"example-osps-baseline-level-1","rules":[{"branch_name_pattern":[],"commit_author_email_pattern":[],"commit_message_pattern":[],"committer_email_pattern":[],"creation":false,"deletion":true,"merge_queue":[],"non_fast_forward":true,"pull_request":[{"dismiss_stale_reviews_on_push":false,"require_code_owner_review":false,"require_last_push_approval":false,"required_approving_review_count":1,"required_review_thread_resolution":false}],"required_code_scanning":[],"required_deployments":[],"required_linear_history":false,"required_signatures":false,"required_status_checks":[],"tag_name_pattern":[],"update":true,"update_allows_fetch_and_merge":false}],"ruleset_id":8281062,"target":"branch"},"sensitive_attributes":[],"private":"eyJzY2hlbWFfdmVyc2lvbiI6IjEifQ=="}]}],"check_results":null}
